# generated by rye
# use `rye lock` or `rye sync` to update this lockfile
#
# last locked with the following flags:
#   pre: false
#   features: []
#   all-features: false
#   with-sources: false
#   generate-hashes: false

-e file:.
aiofiles==23.2.1
    # via gradio
aiohttp==3.9.5
    # via huggingface-hub
    # via llama-index-core
    # via llama-index-legacy
aiosignal==1.3.1
    # via aiohttp
altair==5.3.0
    # via gradio
annotated-types==0.7.0
    # via pydantic
anyio==4.4.0
    # via httpx
    # via openai
    # via starlette
    # via watchfiles
asgiref==3.8.1
    # via opentelemetry-instrumentation-asgi
async-timeout==4.0.3
    # via asyncpg
asyncpg==0.29.0
    # via personal-gpt
attrs==23.2.0
    # via aiohttp
    # via jsonschema
    # via referencing
backoff==1.11.1
    # via opentelemetry-exporter-otlp-proto-grpc
    # via posthog
bcrypt==4.1.3
    # via chromadb
beautifulsoup4==4.12.3
    # via llama-index-readers-file
boto3==1.34.114
    # via personal-gpt
botocore==1.34.114
    # via boto3
    # via s3transfer
build==1.2.1
    # via chromadb
cachetools==5.3.3
    # via google-auth
certifi==2024.2.2
    # via httpcore
    # via httpx
    # via kubernetes
    # via requests
charset-normalizer==3.3.2
    # via requests
chroma-hnswlib==0.7.3
    # via chromadb
chromadb==0.5.0
    # via personal-gpt
click==8.1.7
    # via nltk
    # via typer
    # via uvicorn
colorama==0.4.6
    # via build
    # via click
    # via tqdm
    # via uvicorn
coloredlogs==15.0.1
    # via onnxruntime
contourpy==1.2.1
    # via matplotlib
cycler==0.12.1
    # via matplotlib
dataclasses-json==0.6.6
    # via llama-index-core
    # via llama-index-legacy
deprecated==1.2.14
    # via llama-index-core
    # via llama-index-legacy
    # via opentelemetry-api
dirtyjson==1.0.8
    # via llama-index-core
    # via llama-index-legacy
diskcache==5.6.3
    # via llama-cpp-python
distro==1.9.0
    # via openai
dnspython==2.6.1
    # via email-validator
email-validator==2.1.1
    # via fastapi
fastapi==0.111.0
    # via chromadb
    # via gradio
    # via personal-gpt
fastapi-cli==0.0.4
    # via fastapi
ffmpy==0.3.2
    # via gradio
filelock==3.14.0
    # via huggingface-hub
    # via torch
    # via transformers
flatbuffers==24.3.25
    # via onnxruntime
fonttools==4.52.4
    # via matplotlib
frozenlist==1.4.1
    # via aiohttp
    # via aiosignal
fsspec==2024.5.0
    # via gradio-client
    # via huggingface-hub
    # via llama-index-core
    # via llama-index-legacy
    # via torch
google-auth==2.29.0
    # via kubernetes
googleapis-common-protos==1.56.1
    # via opentelemetry-exporter-otlp-proto-grpc
gradio==4.31.5
    # via personal-gpt
gradio-client==0.16.4
    # via gradio
greenlet==3.0.3
    # via sqlalchemy
grpcio==1.64.0
    # via chromadb
    # via grpcio-tools
    # via opentelemetry-exporter-otlp-proto-grpc
    # via qdrant-client
grpcio-tools==1.64.0
    # via qdrant-client
h11==0.14.0
    # via httpcore
    # via uvicorn
h2==4.1.0
    # via httpx
hpack==4.0.0
    # via h2
httpcore==1.0.5
    # via httpx
httptools==0.6.1
    # via uvicorn
httpx==0.27.0
    # via fastapi
    # via gradio
    # via gradio-client
    # via llama-index-core
    # via llama-index-legacy
    # via llamaindex-py-client
    # via openai
    # via qdrant-client
huggingface-hub==0.23.2
    # via gradio
    # via gradio-client
    # via llama-index-embeddings-huggingface
    # via personal-gpt
    # via sentence-transformers
    # via tokenizers
    # via transformers
humanfriendly==10.0
    # via coloredlogs
hyperframe==6.0.1
    # via h2
idna==3.7
    # via anyio
    # via email-validator
    # via httpx
    # via requests
    # via yarl
importlib-metadata==7.0.0
    # via opentelemetry-api
importlib-resources==6.4.0
    # via chromadb
    # via gradio
injector==0.21.0
    # via personal-gpt
instructorembedding==1.0.1
    # via llama-index-embeddings-instructor
intel-openmp==2021.4.0
    # via mkl
itsdangerous==2.2.0
    # via fastapi
jinja2==3.1.4
    # via altair
    # via fastapi
    # via gradio
    # via llama-cpp-python
    # via torch
jmespath==1.0.1
    # via boto3
    # via botocore
joblib==1.4.2
    # via nltk
    # via scikit-learn
jsonschema==4.22.0
    # via altair
jsonschema-specifications==2023.12.1
    # via jsonschema
kiwisolver==1.4.5
    # via matplotlib
kubernetes==29.0.0
    # via chromadb
llama-cpp-python==0.2.76
    # via llama-index-llms-llama-cpp
llama-index==0.10.39
    # via personal-gpt
llama-index-agent-openai==0.2.5
    # via llama-index
    # via llama-index-program-openai
llama-index-bundle==0.0.1
    # via personal-gpt
llama-index-cli==0.1.12
    # via llama-index
llama-index-core==0.10.40
    # via llama-index
    # via llama-index-agent-openai
    # via llama-index-cli
    # via llama-index-embeddings-huggingface
    # via llama-index-embeddings-instructor
    # via llama-index-embeddings-openai
    # via llama-index-experimental
    # via llama-index-indices-managed-llama-cloud
    # via llama-index-llms-llama-cpp
    # via llama-index-llms-openai
    # via llama-index-llms-openai-like
    # via llama-index-llms-replicate
    # via llama-index-multi-modal-llms-openai
    # via llama-index-program-openai
    # via llama-index-question-gen-openai
    # via llama-index-readers-file
    # via llama-index-readers-llama-parse
    # via llama-parse
    # via personal-gpt
llama-index-embeddings-huggingface==0.2.0
    # via personal-gpt
llama-index-embeddings-instructor==0.1.3
    # via personal-gpt
llama-index-embeddings-openai==0.1.10
    # via llama-index
    # via llama-index-cli
    # via personal-gpt
llama-index-experimental==0.1.3
    # via personal-gpt
llama-index-indices-managed-llama-cloud==0.1.6
    # via llama-index
llama-index-legacy==0.9.48
    # via llama-index
    # via personal-gpt
llama-index-llms-llama-cpp==0.1.3
    # via personal-gpt
llama-index-llms-openai==0.1.21
    # via llama-index
    # via llama-index-agent-openai
    # via llama-index-cli
    # via llama-index-llms-openai-like
    # via llama-index-multi-modal-llms-openai
    # via llama-index-program-openai
    # via llama-index-question-gen-openai
    # via personal-gpt
llama-index-llms-openai-like==0.1.3
    # via personal-gpt
llama-index-llms-replicate==0.1.3
    # via personal-gpt
llama-index-multi-modal-llms-openai==0.1.6
    # via llama-index
llama-index-program-openai==0.1.6
    # via llama-index
    # via llama-index-question-gen-openai
llama-index-question-gen-openai==0.1.3
    # via llama-index
llama-index-readers-file==0.1.23
    # via llama-index
llama-index-readers-llama-parse==0.1.4
    # via llama-index
llama-parse==0.4.3
    # via llama-index-readers-llama-parse
llamaindex-py-client==0.1.19
    # via llama-index-core
    # via llama-index-indices-managed-llama-cloud
markdown-it-py==3.0.0
    # via rich
markupsafe==2.1.5
    # via gradio
    # via jinja2
marshmallow==3.21.2
    # via dataclasses-json
matplotlib==3.9.0
    # via gradio
mdurl==0.1.2
    # via markdown-it-py
minijinja==2.0.1
    # via huggingface-hub
mkl==2021.4.0
    # via torch
mmh3==4.1.0
    # via chromadb
monotonic==1.6
    # via posthog
mpmath==1.3.0
    # via sympy
multidict==6.0.5
    # via aiohttp
    # via yarl
mypy-extensions==1.0.0
    # via typing-inspect
nest-asyncio==1.6.0
    # via llama-index-core
    # via llama-index-legacy
networkx==3.3
    # via llama-index-core
    # via llama-index-legacy
    # via torch
nltk==3.8.1
    # via llama-index-core
    # via llama-index-legacy
numpy==1.26.4
    # via altair
    # via chroma-hnswlib
    # via chromadb
    # via contourpy
    # via gradio
    # via llama-cpp-python
    # via llama-index-core
    # via llama-index-legacy
    # via matplotlib
    # via onnxruntime
    # via pandas
    # via pgvector
    # via qdrant-client
    # via scikit-learn
    # via scipy
    # via sentence-transformers
    # via transformers
oauthlib==3.2.2
    # via kubernetes
    # via requests-oauthlib
onnxruntime==1.18.0
    # via chromadb
openai==1.30.4
    # via llama-index-agent-openai
    # via llama-index-core
    # via llama-index-legacy
opentelemetry-api==1.24.0
    # via chromadb
    # via opentelemetry-exporter-otlp-proto-grpc
    # via opentelemetry-instrumentation
    # via opentelemetry-instrumentation-asgi
    # via opentelemetry-instrumentation-fastapi
    # via opentelemetry-sdk
opentelemetry-exporter-otlp-proto-grpc==1.11.1
    # via chromadb
opentelemetry-instrumentation==0.45b0
    # via opentelemetry-instrumentation-asgi
    # via opentelemetry-instrumentation-fastapi
opentelemetry-instrumentation-asgi==0.45b0
    # via opentelemetry-instrumentation-fastapi
opentelemetry-instrumentation-fastapi==0.45b0
    # via chromadb
opentelemetry-proto==1.11.1
    # via opentelemetry-exporter-otlp-proto-grpc
opentelemetry-sdk==1.24.0
    # via chromadb
    # via opentelemetry-exporter-otlp-proto-grpc
opentelemetry-semantic-conventions==0.45b0
    # via opentelemetry-instrumentation-asgi
    # via opentelemetry-instrumentation-fastapi
    # via opentelemetry-sdk
opentelemetry-util-http==0.45b0
    # via opentelemetry-instrumentation-asgi
    # via opentelemetry-instrumentation-fastapi
orjson==3.10.3
    # via chromadb
    # via fastapi
    # via gradio
overrides==7.7.0
    # via chromadb
packaging==24.0
    # via altair
    # via build
    # via gradio
    # via gradio-client
    # via huggingface-hub
    # via marshmallow
    # via matplotlib
    # via onnxruntime
    # via transformers
pandas==2.2.2
    # via altair
    # via gradio
    # via llama-index-core
    # via llama-index-legacy
pgvector==0.2.5
    # via personal-gpt
pillow==10.3.0
    # via gradio
    # via llama-index-core
    # via matplotlib
    # via sentence-transformers
portalocker==2.8.2
    # via qdrant-client
posthog==3.5.0
    # via chromadb
protobuf==5.27.0
    # via googleapis-common-protos
    # via grpcio-tools
    # via onnxruntime
    # via opentelemetry-proto
psycopg2-binary==2.9.9
    # via personal-gpt
pyasn1==0.6.0
    # via pyasn1-modules
    # via rsa
pyasn1-modules==0.4.0
    # via google-auth
pydantic==2.7.2
    # via chromadb
    # via fastapi
    # via gradio
    # via llamaindex-py-client
    # via openai
    # via personal-gpt
    # via pydantic-extra-types
    # via pydantic-settings
    # via qdrant-client
pydantic-core==2.18.3
    # via pydantic
pydantic-extra-types==2.7.0
    # via fastapi
pydantic-settings==2.2.1
    # via fastapi
pydub==0.25.1
    # via gradio
pygments==2.18.0
    # via rich
pyparsing==3.1.2
    # via matplotlib
pypdf==4.2.0
    # via llama-index-readers-file
    # via personal-gpt
pypika==0.48.9
    # via chromadb
pyproject-hooks==1.1.0
    # via build
pyreadline3==3.4.1
    # via humanfriendly
python-dateutil==2.9.0.post0
    # via botocore
    # via kubernetes
    # via matplotlib
    # via pandas
    # via posthog
python-dotenv==1.0.1
    # via pydantic-settings
    # via uvicorn
python-multipart==0.0.9
    # via fastapi
    # via gradio
    # via personal-gpt
pytz==2024.1
    # via pandas
pywin32==306
    # via portalocker
pyyaml==6.0.1
    # via chromadb
    # via fastapi
    # via gradio
    # via huggingface-hub
    # via kubernetes
    # via llama-index-core
    # via personal-gpt
    # via transformers
    # via uvicorn
qdrant-client==1.9.1
    # via personal-gpt
referencing==0.35.1
    # via jsonschema
    # via jsonschema-specifications
regex==2024.5.15
    # via nltk
    # via tiktoken
    # via transformers
requests==2.32.2
    # via chromadb
    # via huggingface-hub
    # via kubernetes
    # via llama-index-core
    # via llama-index-legacy
    # via posthog
    # via requests-oauthlib
    # via tiktoken
    # via transformers
requests-oauthlib==2.0.0
    # via kubernetes
rich==13.7.1
    # via typer
rpds-py==0.18.1
    # via jsonschema
    # via referencing
rsa==4.9
    # via google-auth
ruff==0.4.6
    # via gradio
s3transfer==0.10.1
    # via boto3
safetensors==0.4.3
    # via transformers
scikit-learn==1.5.0
    # via sentence-transformers
scipy==1.13.1
    # via scikit-learn
    # via sentence-transformers
semantic-version==2.10.0
    # via gradio
sentence-transformers==2.7.0
    # via llama-index-embeddings-huggingface
    # via llama-index-embeddings-instructor
setuptools==70.0.0
    # via grpcio-tools
    # via opentelemetry-instrumentation
shellingham==1.5.4
    # via typer
six==1.16.0
    # via kubernetes
    # via posthog
    # via python-dateutil
sniffio==1.3.1
    # via anyio
    # via httpx
    # via openai
soupsieve==2.5
    # via beautifulsoup4
sqlalchemy==2.0.30
    # via llama-index-core
    # via llama-index-legacy
    # via personal-gpt
starlette==0.37.2
    # via fastapi
striprtf==0.0.26
    # via llama-index-readers-file
sympy==1.12
    # via onnxruntime
    # via torch
tbb==2021.12.0
    # via mkl
tenacity==8.3.0
    # via chromadb
    # via llama-index-core
    # via llama-index-legacy
threadpoolctl==3.5.0
    # via scikit-learn
tiktoken==0.7.0
    # via llama-index-core
    # via llama-index-legacy
tokenizers==0.19.1
    # via chromadb
    # via transformers
tomlkit==0.12.0
    # via gradio
toolz==0.12.1
    # via altair
torch==2.3.0
    # via llama-index-embeddings-instructor
    # via sentence-transformers
tqdm==4.66.4
    # via chromadb
    # via huggingface-hub
    # via llama-index-core
    # via nltk
    # via openai
    # via sentence-transformers
    # via transformers
transformers==4.41.1
    # via llama-index-llms-openai-like
    # via personal-gpt
    # via sentence-transformers
typer==0.12.3
    # via chromadb
    # via fastapi-cli
    # via gradio
typing-extensions==4.12.0
    # via chromadb
    # via fastapi
    # via gradio
    # via gradio-client
    # via huggingface-hub
    # via llama-cpp-python
    # via llama-index-core
    # via llama-index-legacy
    # via openai
    # via opentelemetry-sdk
    # via pydantic
    # via pydantic-core
    # via sqlalchemy
    # via torch
    # via typer
    # via typing-inspect
typing-inspect==0.9.0
    # via dataclasses-json
    # via llama-index-core
    # via llama-index-legacy
tzdata==2024.1
    # via pandas
ujson==5.10.0
    # via fastapi
urllib3==2.2.1
    # via botocore
    # via gradio
    # via kubernetes
    # via qdrant-client
    # via requests
uvicorn==0.30.0
    # via chromadb
    # via fastapi
    # via gradio
watchdog==4.0.1
    # via personal-gpt
watchfiles==0.22.0
    # via uvicorn
websocket-client==1.8.0
    # via kubernetes
websockets==11.0.3
    # via gradio-client
    # via uvicorn
wrapt==1.16.0
    # via deprecated
    # via llama-index-core
    # via opentelemetry-instrumentation
yarl==1.9.4
    # via aiohttp
zipp==3.19.0
    # via importlib-metadata
